
Microsoft Visual Studio Solution File, Format Version 12.00
# Visual Studio Version 17
VisualStudioVersion = 17.5.33424.131
MinimumVisualStudioVersion = 10.0.40219.1
Project("{8BC9CEB8-8B4A-11D0-8D11-00A0C91BC942}") = "projekt_wyklad", "projekt_wyklad.vcxproj", "{475EF245-8E83-4258-B138-EE1CA7644EE1}"
EndProject
Project("{888888A0-9F3D-457C-B088-3A5042F75D52}") = "wykresy_wyklad", "..\wykresy_wyklad\wykresy_wyklad.pyproj", "{00919F6C-1C37-48DC-972E-E4BB1B7EFC7C}"
EndProject
Global
	GlobalSection(SolutionConfigurationPlatforms) = preSolution
		Debug|Any CPU = Debug|Any CPU
		Debug|x64 = Debug|x64
		Debug|x86 = Debug|x86
		Release|Any CPU = Release|Any CPU
		Release|x64 = Release|x64
		Release|x86 = Release|x86
	EndGlobalSection
	GlobalSection(ProjectConfigurationPlatforms) = postSolution
		{475EF245-8E83-4258-B138-EE1CA7644EE1}.Debug|Any CPU.ActiveCfg = Debug|x64
		{475EF245-8E83-4258-B138-EE1CA7644EE1}.Debug|Any CPU.Build.0 = Debug|x64
		{475EF245-8E83-4258-B138-EE1CA7644EE1}.Debug|x64.ActiveCfg = Debug|x64
		{475EF245-8E83-4258-B138-EE1CA7644EE1}.Debug|x64.Build.0 = Debug|x64
		{475EF245-8E83-4258-B138-EE1CA7644EE1}.Debug|x86.ActiveCfg = Debug|Win32
		{475EF245-8E83-4258-B138-EE1CA7644EE1}.Debug|x86.Build.0 = Debug|Win32
		{475EF245-8E83-4258-B138-EE1CA7644EE1}.Release|Any CPU.ActiveCfg = Release|x64
		{475EF245-8E83-4258-B138-EE1CA7644EE1}.Release|Any CPU.Build.0 = Release|x64
		{475EF245-8E83-4258-B138-EE1CA7644EE1}.Release|x64.ActiveCfg = Release|x64
		{475EF245-8E83-4258-B138-EE1CA7644EE1}.Release|x64.Build.0 = Release|x64
		{475EF245-8E83-4258-B138-EE1CA7644EE1}.Release|x86.ActiveCfg = Release|Win32
		{475EF245-8E83-4258-B138-EE1CA7644EE1}.Release|x86.Build.0 = Release|Win32
		{00919F6C-1C37-48DC-972E-E4BB1B7EFC7C}.Debug|Any CPU.ActiveCfg = Debug|Any CPU
		{00919F6C-1C37-48DC-972E-E4BB1B7EFC7C}.Debug|x64.ActiveCfg = Debug|Any CPU
		{00919F6C-1C37-48DC-972E-E4BB1B7EFC7C}.Debug|x86.ActiveCfg = Debug|Any CPU
		{00919F6C-1C37-48DC-972E-E4BB1B7EFC7C}.Release|Any CPU.ActiveCfg = Release|Any CPU
		{00919F6C-1C37-48DC-972E-E4BB1B7EFC7C}.Release|x64.ActiveCfg = Release|Any CPU
		{00919F6C-1C37-48DC-972E-E4BB1B7EFC7C}.Release|x86.ActiveCfg = Release|Any CPU
	EndGlobalSection
	GlobalSection(SolutionProperties) = preSolution
		HideSolutionNode = FALSE
	EndGlobalSection
	GlobalSection(ExtensibilityGlobals) = postSolution
		SolutionGuid = {CE578F17-DD8D-4F64-B1E8-40A78AC17CC2}
	EndGlobalSection
EndGlobal
